
Microsoft Visual Studio Solution File, Format Version 12.00
# Visual Studio Version 16
VisualStudioVersion = 16.0.29418.71
MinimumVisualStudioVersion = 10.0.40219.1
Project("{FAE04EC0-301F-11D3-BF4B-00C04F79EFBC}") = "ConsoleApp11", "ConsoleApp11\ConsoleApp11.csproj", "{73A73291-506B-4ED7-A440-7D70D6BE1EF7}"
EndProject
Global
	GlobalSection(SolutionConfigurationPlatforms) = preSolution
		Debug|Any CPU = Debug|Any CPU
		Release|Any CPU = Release|Any CPU
	EndGlobalSection
	GlobalSection(ProjectConfigurationPlatforms) = postSolution
		{73A73291-506B-4ED7-A440-7D70D6BE1EF7}.Debug|Any CPU.ActiveCfg = Debug|Any CPU
		{73A73291-506B-4ED7-A440-7D70D6BE1EF7}.Debug|Any CPU.Build.0 = Debug|Any CPU
		{73A73291-506B-4ED7-A440-7D70D6BE1EF7}.Release|Any CPU.ActiveCfg = Release|Any CPU
		{73A73291-506B-4ED7-A440-7D70D6BE1EF7}.Release|Any CPU.Build.0 = Release|Any CPU
	EndGlobalSection
	GlobalSection(SolutionProperties) = preSolution
		HideSolutionNode = FALSE
	EndGlobalSection
	GlobalSection(ExtensibilityGlobals) = postSolution
		SolutionGuid = {AA70D141-B5D8-43E9-A015-7B8ACFCEAF31}
	EndGlobalSection
EndGlobal
